
Microsoft Visual Studio Solution File, Format Version 11.00
# Visual Studio 2010
Project("{FAE04EC0-301F-11D3-BF4B-00C04F79EFBC}") = "DGD2019_2", "Assembly-CSharp.csproj", "{89CE9E32-0B84-AA3B-3763-AE8A90C7B360}"
EndProject
Global
	GlobalSection(SolutionConfigurationPlatforms) = preSolution
		Debug|Any CPU = Debug|Any CPU
		Release|Any CPU = Release|Any CPU
	EndGlobalSection
	GlobalSection(ProjectConfigurationPlatforms) = postSolution
		{89CE9E32-0B84-AA3B-3763-AE8A90C7B360}.Debug|Any CPU.ActiveCfg = Debug|Any CPU
		{89CE9E32-0B84-AA3B-3763-AE8A90C7B360}.Debug|Any CPU.Build.0 = Debug|Any CPU
		{89CE9E32-0B84-AA3B-3763-AE8A90C7B360}.Release|Any CPU.ActiveCfg = Release|Any CPU
		{89CE9E32-0B84-AA3B-3763-AE8A90C7B360}.Release|Any CPU.Build.0 = Release|Any CPU
	EndGlobalSection
	GlobalSection(SolutionProperties) = preSolution
		HideSolutionNode = FALSE
	EndGlobalSection
	GlobalSection(MonoDevelopProperties) = preSolution
		StartupItem = Assembly-CSharp.csproj
	EndGlobalSection
EndGlobal
